// !$*UTF8*$!
{
	archiveVersion = 1;
	classes = {
	};
	objectVersion = 48;
	objects = {

/* Begin PBXBuildFile section */
		49CA2ED41F706A780065DDA5 /* RestService.m in Sources */ = {isa = PBXBuildFile; fileRef = 49CA2ED31F706A780065DDA5 /* RestService.m */; };
		49CA2ED71F7076970065DDA5 /* UserResponse.m in Sources */ = {isa = PBXBuildFile; fileRef = 49CA2ED61F7076970065DDA5 /* UserResponse.m */; };
		49CA2EDF1F7087150065DDA5 /* Utils.m in Sources */ = {isa = PBXBuildFile; fileRef = 49CA2EDE1F7087150065DDA5 /* Utils.m */; };
		F289D72D1F5F012B0006D990 /* AppDelegate.m in Sources */ = {isa = PBXBuildFile; fileRef = F289D72C1F5F012B0006D990 /* AppDelegate.m */; };
		F289D7301F5F012B0006D990 /* ViewController.m in Sources */ = {isa = PBXBuildFile; fileRef = F289D72F1F5F012B0006D990 /* ViewController.m */; };
		F289D7331F5F012B0006D990 /* Main.storyboard in Resources */ = {isa = PBXBuildFile; fileRef = F289D7311F5F012B0006D990 /* Main.storyboard */; };
		F289D7351F5F012B0006D990 /* Assets.xcassets in Resources */ = {isa = PBXBuildFile; fileRef = F289D7341F5F012B0006D990 /* Assets.xcassets */; };
		F289D7381F5F012B0006D990 /* LaunchScreen.storyboard in Resources */ = {isa = PBXBuildFile; fileRef = F289D7361F5F012B0006D990 /* LaunchScreen.storyboard */; };
		F289D73B1F5F012B0006D990 /* main.m in Sources */ = {isa = PBXBuildFile; fileRef = F289D73A1F5F012B0006D990 /* main.m */; };
/* End PBXBuildFile section */

/* Begin PBXFileReference section */
		49CA2ED21F706A780065DDA5 /* RestService.h */ = {isa = PBXFileReference; lastKnownFileType = sourcecode.c.h; path = RestService.h; sourceTree = "<group>"; };
		49CA2ED31F706A780065DDA5 /* RestService.m */ = {isa = PBXFileReference; lastKnownFileType = sourcecode.c.objc; path = RestService.m; sourceTree = "<group>"; };
		49CA2ED51F7076970065DDA5 /* UserResponse.h */ = {isa = PBXFileReference; lastKnownFileType = sourcecode.c.h; path = UserResponse.h; sourceTree = "<group>"; };
		49CA2ED61F7076970065DDA5 /* UserResponse.m */ = {isa = PBXFileReference; lastKnownFileType = sourcecode.c.objc; path = UserResponse.m; sourceTree = "<group>"; };
		49CA2EDD1F7087150065DDA5 /* Utils.h */ = {isa = PBXFileReference; lastKnownFileType = sourcecode.c.h; path = Utils.h; sourceTree = "<group>"; };
		49CA2EDE1F7087150065DDA5 /* Utils.m */ = {isa = PBXFileReference; lastKnownFileType = sourcecode.c.objc; path = Utils.m; sourceTree = "<group>"; };
		F289D7281F5F012B0006D990 /* URLSession.app */ = {isa = PBXFileReference; explicitFileType = wrapper.application; includeInIndex = 0; path = URLSession.app; sourceTree = BUILT_PRODUCTS_DIR; };
		F289D72B1F5F012B0006D990 /* AppDelegate.h */ = {isa = PBXFileReference; lastKnownFileType = sourcecode.c.h; path = AppDelegate.h; sourceTree = "<group>"; };
		F289D72C1F5F012B0006D990 /* AppDelegate.m */ = {isa = PBXFileReference; lastKnownFileType = sourcecode.c.objc; path = AppDelegate.m; sourceTree = "<group>"; };
		F289D72E1F5F012B0006D990 /* ViewController.h */ = {isa = PBXFileReference; lastKnownFileType = sourcecode.c.h; path = ViewController.h; sourceTree = "<group>"; };
		F289D72F1F5F012B0006D990 /* ViewController.m */ = {isa = PBXFileReference; lastKnownFileType = sourcecode.c.objc; path = ViewController.m; sourceTree = "<group>"; };
		F289D7321F5F012B0006D990 /* Base */ = {isa = PBXFileReference; lastKnownFileType = file.storyboard; name = Base; path = Base.lproj/Main.storyboard; sourceTree = "<group>"; };
		F289D7341F5F012B0006D990 /* Assets.xcassets */ = {isa = PBXFileReference; lastKnownFileType = folder.assetcatalog; path = Assets.xcassets; sourceTree = "<group>"; };
		F289D7371F5F012B0006D990 /* Base */ = {isa = PBXFileReference; lastKnownFileType = file.storyboard; name = Base; path = Base.lproj/LaunchScreen.storyboard; sourceTree = "<group>"; };
		F289D7391F5F012B0006D990 /* Info.plist */ = {isa = PBXFileReference; lastKnownFileType = text.plist.xml; path = Info.plist; sourceTree = "<group>"; };
		F289D73A1F5F012B0006D990 /* main.m */ = {isa = PBXFileReference; lastKnownFileType = sourcecode.c.objc; path = main.m; sourceTree = "<group>"; };
/* End PBXFileReference section */

/* Begin PBXFrameworksBuildPhase section */
		F289D7251F5F012B0006D990 /* Frameworks */ = {
			isa = PBXFrameworksBuildPhase;
			buildActionMask = 2147483647;
			files = (
			);
			runOnlyForDeploymentPostprocessing = 0;
		};
/* End PBXFrameworksBuildPhase section */

/* Begin PBXGroup section */
		F289D71F1F5F012B0006D990 = {
			isa = PBXGroup;
			children = (
				F289D72A1F5F012B0006D990 /* URLSession */,
				F289D7291F5F012B0006D990 /* Products */,
			);
			sourceTree = "<group>";
		};
		F289D7291F5F012B0006D990 /* Products */ = {
			isa = PBXGroup;
			children = (
				F289D7281F5F012B0006D990 /* URLSession.app */,
			);
			name = Products;
			sourceTree = "<group>";
		};
		F289D72A1F5F012B0006D990 /* URLSession */ = {
			isa = PBXGroup;
			children = (
				F289D72B1F5F012B0006D990 /* AppDelegate.h */,
				F289D72C1F5F012B0006D990 /* AppDelegate.m */,
				F289D72E1F5F012B0006D990 /* ViewController.h */,
				F289D72F1F5F012B0006D990 /* ViewController.m */,
				49CA2ED21F706A780065DDA5 /* RestService.h */,
				49CA2ED31F706A780065DDA5 /* RestService.m */,
				49CA2EDD1F7087150065DDA5 /* Utils.h */,
				49CA2EDE1F7087150065DDA5 /* Utils.m */,
				49CA2ED51F7076970065DDA5 /* UserResponse.h */,
				49CA2ED61F7076970065DDA5 /* UserResponse.m */,
				F289D7311F5F012B0006D990 /* Main.storyboard */,
				F289D7341F5F012B0006D990 /* Assets.xcassets */,
				F289D7361F5F012B0006D990 /* LaunchScreen.storyboard */,
				F289D7391F5F012B0006D990 /* Info.plist */,
				F289D73A1F5F012B0006D990 /* main.m */,
			);
			path = URLSession;
			sourceTree = "<group>";
		};
/* End PBXGroup section */

/* Begin PBXNativeTarget section */
		F289D7271F5F012B0006D990 /* URLSession */ = {
			isa = PBXNativeTarget;
			buildConfigurationList = F289D73E1F5F012B0006D990 /* Build configuration list for PBXNativeTarget "URLSession" */;
			buildPhases = (
				F289D7241F5F012B0006D990 /* Sources */,
				F289D7251F5F012B0006D990 /* Frameworks */,
				F289D7261F5F012B0006D990 /* Resources */,
			);
			buildRules = (
			);
			dependencies = (
			);
			name = URLSession;
			productName = URLSession;
			productReference = F289D7281F5F012B0006D990 /* URLSession.app */;
			productType = "com.apple.product-type.application";
		};
/* End PBXNativeTarget section */

/* Begin PBXProject section */
		F289D7201F5F012B0006D990 /* Project object */ = {
			isa = PBXProject;
			attributes = {
				LastUpgradeCheck = 0900;
				ORGANIZATIONNAME = "Miguel Mexicano Herrera";
				TargetAttributes = {
					F289D7271F5F012B0006D990 = {
						CreatedOnToolsVersion = 9.0;
						ProvisioningStyle = Automatic;
					};
				};
			};
			buildConfigurationList = F289D7231F5F012B0006D990 /* Build configuration list for PBXProject "URLSession" */;
			compatibilityVersion = "Xcode 8.0";
			developmentRegion = en;
			hasScannedForEncodings = 0;
			knownRegions = (
				en,
				Base,
			);
			mainGroup = F289D71F1F5F012B0006D990;
			productRefGroup = F289D7291F5F012B0006D990 /* Products */;
			projectDirPath = "";
			projectRoot = "";
			targets = (
				F289D7271F5F012B0006D990 /* URLSession */,
			);
		};
/* End PBXProject section */

/* Begin PBXResourcesBuildPhase section */
		F289D7261F5F012B0006D990 /* Resources */ = {
			isa = PBXResourcesBuildPhase;
			buildActionMask = 2147483647;
			files = (
				F289D7381F5F012B0006D990 /* LaunchScreen.storyboard in Resources */,
				F289D7351F5F012B0006D990 /* Assets.xcassets in Resources */,
				F289D7331F5F012B0006D990 /* Main.storyboard in Resources */,
			);
			runOnlyForDeploymentPostprocessing = 0;
		};
/* End PBXResourcesBuildPhase section */

/* Begin PBXSourcesBuildPhase section */
		F289D7241F5F012B0006D990 /* Sources */ = {
			isa = PBXSourcesBuildPhase;
			buildActionMask = 2147483647;
			files = (
				49CA2ED71F7076970065DDA5 /* UserResponse.m in Sources */,
				F289D7301F5F012B0006D990 /* ViewController.m in Sources */,
				F289D73B1F5F012B0006D990 /* main.m in Sources */,
				49CA2EDF1F7087150065DDA5 /* Utils.m in Sources */,
				F289D72D1F5F012B0006D990 /* AppDelegate.m in Sources */,
				49CA2ED41F706A780065DDA5 /* RestService.m in Sources */,
			);
			runOnlyForDeploymentPostprocessing = 0;
		};
/* End PBXSourcesBuildPhase section */

/* Begin PBXVariantGroup section */
		F289D7311F5F012B0006D990 /* Main.storyboard */ = {
			isa = PBXVariantGroup;
			children = (
				F289D7321F5F012B0006D990 /* Base */,
			);
			name = Main.storyboard;
			sourceTree = "<group>";
		};
		F289D7361F5F012B0006D990 /* LaunchScreen.storyboard */ = {
			isa = PBXVariantGroup;
			children = (
				F289D7371F5F012B0006D990 /* Base */,
			);
			name = LaunchScreen.storyboard;
			sourceTree = "<group>";
		};
/* End PBXVariantGroup section */

/* Begin XCBuildConfiguration section */
		F289D73C1F5F012B0006D990 /* Debug */ = {
			isa = XCBuildConfiguration;
			buildSettings = {
				ALWAYS_SEARCH_USER_PATHS = NO;
				CLANG_ANALYZER_NONNULL = YES;
				CLANG_ANALYZER_NUMBER_OBJECT_CONVERSION = YES_AGGRESSIVE;
				CLANG_CXX_LANGUAGE_STANDARD = "gnu++14";
				CLANG_CXX_LIBRARY = "libc++";
				CLANG_ENABLE_MODULES = YES;
				CLANG_ENABLE_OBJC_ARC = YES;
				CLANG_WARN_BLOCK_CAPTURE_AUTORELEASING = YES;
				CLANG_WARN_BOOL_CONVERSION = YES;
				CLANG_WARN_COMMA = YES;
				CLANG_WARN_CONSTANT_CONVERSION = YES;
				CLANG_WARN_DIRECT_OBJC_ISA_USAGE = YES_ERROR;
				CLANG_WARN_DOCUMENTATION_COMMENTS = YES;
				CLANG_WARN_EMPTY_BODY = YES;
				CLANG_WARN_ENUM_CONVERSION = YES;
				CLANG_WARN_INFINITE_RECURSION = YES;
				CLANG_WARN_INT_CONVERSION = YES;
				CLANG_WARN_NON_LITERAL_NULL_CONVERSION = YES;
				CLANG_WARN_OBJC_LITERAL_CONVERSION = YES;
				CLANG_WARN_OBJC_ROOT_CLASS = YES_ERROR;
				CLANG_WARN_RANGE_LOOP_ANALYSIS = YES;
				CLANG_WARN_STRICT_PROTOTYPES = YES;
				CLANG_WARN_SUSPICIOUS_MOVE = YES;
				CLANG_WARN_UNGUARDED_AVAILABILITY = YES_AGGRESSIVE;
				CLANG_WARN_UNREACHABLE_CODE = YES;
				CLANG_WARN__DUPLICATE_METHOD_MATCH = YES;
				CODE_SIGN_IDENTITY = "iPhone Developer";
				COPY_PHASE_STRIP = NO;
				DEBUG_INFORMATION_FORMAT = dwarf;
				ENABLE_STRICT_OBJC_MSGSEND = YES;
				ENABLE_TESTABILITY = YES;
				GCC_C_LANGUAGE_STANDARD = gnu11;
				GCC_DYNAMIC_NO_PIC = NO;
				GCC_NO_COMMON_BLOCKS = YES;
				GCC_OPTIMIZATION_LEVEL = 0;
				GCC_PREPROCESSOR_DEFINITIONS = (
					"DEBUG=1",
					"$(inherited)",
				);
				GCC_WARN_64_TO_32_BIT_CONVERSION = YES;
				GCC_WARN_ABOUT_RETURN_TYPE = YES_ERROR;
				GCC_WARN_UNDECLARED_SELECTOR = YES;
				GCC_WARN_UNINITIALIZED_AUTOS = YES_AGGRESSIVE;
				GCC_WARN_UNUSED_FUNCTION = YES;
				GCC_WARN_UNUSED_VARIABLE = YES;
				IPHONEOS_DEPLOYMENT_TARGET = 11.0;
				MTL_ENABLE_DEBUG_INFO = YES;
				ONLY_ACTIVE_ARCH = YES;
				SDKROOT = iphoneos;
			};
			name = Debug;
		};
		F289D73D1F5F012B0006D990 /* Release */ = {
			isa = XCBuildConfiguration;
			buildSettings = {
				ALWAYS_SEARCH_USER_PATHS = NO;
				CLANG_ANALYZER_NONNULL = YES;
				CLANG_ANALYZER_NUMBER_OBJECT_CONVERSION = YES_AGGRESSIVE;
				CLANG_CXX_LANGUAGE_STANDARD = "gnu++14";
				CLANG_CXX_LIBRARY = "libc++";
				CLANG_ENABLE_MODULES = YES;
				CLANG_ENABLE_OBJC_ARC = YES;
				CLANG_WARN_BLOCK_CAPTURE_AUTORELEASING = YES;
				CLANG_WARN_BOOL_CONVERSION = YES;
				CLANG_WARN_COMMA = YES;
				CLANG_WARN_CONSTANT_CONVERSION = YES;
				CLANG_WARN_DIRECT_OBJC_ISA_USAGE = YES_ERROR;
				CLANG_WARN_DOCUMENTATION_COMMENTS = YES;
				CLANG_WARN_EMPTY_BODY = YES;
				CLANG_WARN_ENUM_CONVERSION = YES;
				CLANG_WARN_INFINITE_RECURSION = YES;
				CLANG_WARN_INT_CONVERSION = YES;
				CLANG_WARN_NON_LITERAL_NULL_CONVERSION = YES;
				CLANG_WARN_OBJC_LITERAL_CONVERSION = YES;
				CLANG_WARN_OBJC_ROOT_CLASS = YES_ERROR;
				CLANG_WARN_RANGE_LOOP_ANALYSIS = YES;
				CLANG_WARN_STRICT_PROTOTYPES = YES;
				CLANG_WARN_SUSPICIOUS_MOVE = YES;
				CLANG_WARN_UNGUARDED_AVAILABILITY = YES_AGGRESSIVE;
				CLANG_WARN_UNREACHABLE_CODE = YES;
				CLANG_WARN__DUPLICATE_METHOD_MATCH = YES;
				CODE_SIGN_IDENTITY = "iPhone Developer";
				COPY_PHASE_STRIP = NO;
				DEBUG_INFORMATION_FORMAT = "dwarf-with-dsym";
				ENABLE_NS_ASSERTIONS = NO;
				ENABLE_STRICT_OBJC_MSGSEND = YES;
				GCC_C_LANGUAGE_STANDARD = gnu11;
				GCC_NO_COMMON_BLOCKS = YES;
				GCC_WARN_64_TO_32_BIT_CONVERSION = YES;
				GCC_WARN_ABOUT_RETURN_TYPE = YES_ERROR;
				GCC_WARN_UNDECLARED_SELECTOR = YES;
				GCC_WARN_UNINITIALIZED_AUTOS = YES_AGGRESSIVE;
				GCC_WARN_UNUSED_FUNCTION = YES;
				GCC_WARN_UNUSED_VARIABLE = YES;
				IPHONEOS_DEPLOYMENT_TARGET = 11.0;
				MTL_ENABLE_DEBUG_INFO = NO;
				SDKROOT = iphoneos;
				VALIDATE_PRODUCT = YES;
			};
			name = Release;
		};
		F289D73F1F5F012B0006D990 /* Debug */ = {
			isa = XCBuildConfiguration;
			buildSettings = {
				ASSETCATALOG_COMPILER_APPICON_NAME = AppIcon;
				CODE_SIGN_STYLE = Automatic;
				DEVELOPMENT_TEAM = MC2W678MVZ;
				INFOPLIST_FILE = URLSession/Info.plist;
				LD_RUNPATH_SEARCH_PATHS = "$(inherited) @executable_path/Frameworks";
				PRODUCT_BUNDLE_IDENTIFIER = mx.com.nut.URLSession;
				PRODUCT_NAME = "$(TARGET_NAME)";
				TARGETED_DEVICE_FAMILY = "1,2";
			};
			name = Debug;
		};
		F289D7401F5F012B0006D990 /* Release */ = {
			isa = XCBuildConfiguration;
			buildSettings = {
				ASSETCATALOG_COMPILER_APPICON_NAME = AppIcon;
				CODE_SIGN_STYLE = Automatic;
				DEVELOPMENT_TEAM = MC2W678MVZ;
				INFOPLIST_FILE = URLSession/Info.plist;
				LD_RUNPATH_SEARCH_PATHS = "$(inherited) @executable_path/Frameworks";
				PRODUCT_BUNDLE_IDENTIFIER = mx.com.nut.URLSession;
				PRODUCT_NAME = "$(TARGET_NAME)";
				TARGETED_DEVICE_FAMILY = "1,2";
			};
			name = Release;
		};
/* End XCBuildConfiguration section */

/* Begin XCConfigurationList section */
		F289D7231F5F012B0006D990 /* Build configuration list for PBXProject "URLSession" */ = {
			isa = XCConfigurationList;
			buildConfigurations = (
				F289D73C1F5F012B0006D990 /* Debug */,
				F289D73D1F5F012B0006D990 /* Release */,
			);
			defaultConfigurationIsVisible = 0;
			defaultConfigurationName = Release;
		};
		F289D73E1F5F012B0006D990 /* Build configuration list for PBXNativeTarget "URLSession" */ = {
			isa = XCConfigurationList;
			buildConfigurations = (
				F289D73F1F5F012B0006D990 /* Debug */,
				F289D7401F5F012B0006D990 /* Release */,
			);
			defaultConfigurationIsVisible = 0;
			defaultConfigurationName = Release;
		};
/* End XCConfigurationList section */
	};
	rootObject = F289D7201F5F012B0006D990 /* Project object */;
}
